// !$*UTF8*$!
{
	archiveVersion = 1;
	classes = {
	};
	objectVersion = 46;
	objects = {

/* Begin PBXBuildFile section */
		764963681D7469C7000A8F84 /* main.m in Sources */ = {isa = PBXBuildFile; fileRef = 764963671D7469C7000A8F84 /* main.m */; };
		7649636B1D7469C7000A8F84 /* AppDelegate.m in Sources */ = {isa = PBXBuildFile; fileRef = 7649636A1D7469C7000A8F84 /* AppDelegate.m */; };
		7649636E1D7469C7000A8F84 /* ViewController.m in Sources */ = {isa = PBXBuildFile; fileRef = 7649636D1D7469C7000A8F84 /* ViewController.m */; };
		764963711D7469C7000A8F84 /* Main.storyboard in Resources */ = {isa = PBXBuildFile; fileRef = 7649636F1D7469C7000A8F84 /* Main.storyboard */; };
		764963731D7469C7000A8F84 /* Assets.xcassets in Resources */ = {isa = PBXBuildFile; fileRef = 764963721D7469C7000A8F84 /* Assets.xcassets */; };
		7649637E1D7469E7000A8F84 /* LaunchScreen.xib in Resources */ = {isa = PBXBuildFile; fileRef = 7649637D1D7469E7000A8F84 /* LaunchScreen.xib */; };
		764963811D746AA2000A8F84 /* MLStar.m in Sources */ = {isa = PBXBuildFile; fileRef = 764963801D746AA2000A8F84 /* MLStar.m */; };
/* End PBXBuildFile section */

/* Begin PBXFileReference section */
		764963631D7469C7000A8F84 /* TheStarsInTheComments.app */ = {isa = PBXFileReference; explicitFileType = wrapper.application; includeInIndex = 0; path = TheStarsInTheComments.app; sourceTree = BUILT_PRODUCTS_DIR; };
		764963671D7469C7000A8F84 /* main.m */ = {isa = PBXFileReference; lastKnownFileType = sourcecode.c.objc; path = main.m; sourceTree = "<group>"; };
		764963691D7469C7000A8F84 /* AppDelegate.h */ = {isa = PBXFileReference; lastKnownFileType = sourcecode.c.h; path = AppDelegate.h; sourceTree = "<group>"; };
		7649636A1D7469C7000A8F84 /* AppDelegate.m */ = {isa = PBXFileReference; lastKnownFileType = sourcecode.c.objc; path = AppDelegate.m; sourceTree = "<group>"; };
		7649636C1D7469C7000A8F84 /* ViewController.h */ = {isa = PBXFileReference; lastKnownFileType = sourcecode.c.h; path = ViewController.h; sourceTree = "<group>"; };
		7649636D1D7469C7000A8F84 /* ViewController.m */ = {isa = PBXFileReference; lastKnownFileType = sourcecode.c.objc; path = ViewController.m; sourceTree = "<group>"; };
		764963701D7469C7000A8F84 /* Base */ = {isa = PBXFileReference; lastKnownFileType = file.storyboard; name = Base; path = Base.lproj/Main.storyboard; sourceTree = "<group>"; };
		764963721D7469C7000A8F84 /* Assets.xcassets */ = {isa = PBXFileReference; lastKnownFileType = folder.assetcatalog; path = Assets.xcassets; sourceTree = "<group>"; };
		764963771D7469C7000A8F84 /* Info.plist */ = {isa = PBXFileReference; lastKnownFileType = text.plist.xml; path = Info.plist; sourceTree = "<group>"; };
		7649637D1D7469E7000A8F84 /* LaunchScreen.xib */ = {isa = PBXFileReference; fileEncoding = 4; lastKnownFileType = file.xib; path = LaunchScreen.xib; sourceTree = "<group>"; };
		7649637F1D746AA2000A8F84 /* MLStar.h */ = {isa = PBXFileReference; fileEncoding = 4; lastKnownFileType = sourcecode.c.h; path = MLStar.h; sourceTree = "<group>"; };
		764963801D746AA2000A8F84 /* MLStar.m */ = {isa = PBXFileReference; fileEncoding = 4; lastKnownFileType = sourcecode.c.objc; path = MLStar.m; sourceTree = "<group>"; };
/* End PBXFileReference section */

/* Begin PBXFrameworksBuildPhase section */
		764963601D7469C7000A8F84 /* Frameworks */ = {
			isa = PBXFrameworksBuildPhase;
			buildActionMask = 2147483647;
			files = (
			);
			runOnlyForDeploymentPostprocessing = 0;
		};
/* End PBXFrameworksBuildPhase section */

/* Begin PBXGroup section */
		7649635A1D7469C7000A8F84 = {
			isa = PBXGroup;
			children = (
				764963651D7469C7000A8F84 /* TheStarsInTheComments */,
				764963641D7469C7000A8F84 /* Products */,
			);
			sourceTree = "<group>";
		};
		764963641D7469C7000A8F84 /* Products */ = {
			isa = PBXGroup;
			children = (
				764963631D7469C7000A8F84 /* TheStarsInTheComments.app */,
			);
			name = Products;
			sourceTree = "<group>";
		};
		764963651D7469C7000A8F84 /* TheStarsInTheComments */ = {
			isa = PBXGroup;
			children = (
				764963691D7469C7000A8F84 /* AppDelegate.h */,
				7649636A1D7469C7000A8F84 /* AppDelegate.m */,
				7649636C1D7469C7000A8F84 /* ViewController.h */,
				7649636D1D7469C7000A8F84 /* ViewController.m */,
				7649636F1D7469C7000A8F84 /* Main.storyboard */,
				7649637F1D746AA2000A8F84 /* MLStar.h */,
				764963801D746AA2000A8F84 /* MLStar.m */,
				7649637D1D7469E7000A8F84 /* LaunchScreen.xib */,
				764963721D7469C7000A8F84 /* Assets.xcassets */,
				764963771D7469C7000A8F84 /* Info.plist */,
				764963661D7469C7000A8F84 /* Supporting Files */,
			);
			path = TheStarsInTheComments;
			sourceTree = "<group>";
		};
		764963661D7469C7000A8F84 /* Supporting Files */ = {
			isa = PBXGroup;
			children = (
				764963671D7469C7000A8F84 /* main.m */,
			);
			name = "Supporting Files";
			sourceTree = "<group>";
		};
/* End PBXGroup section */

/* Begin PBXNativeTarget section */
		764963621D7469C7000A8F84 /* TheStarsInTheComments */ = {
			isa = PBXNativeTarget;
			buildConfigurationList = 7649637A1D7469C7000A8F84 /* Build configuration list for PBXNativeTarget "TheStarsInTheComments" */;
			buildPhases = (
				7649635F1D7469C7000A8F84 /* Sources */,
				764963601D7469C7000A8F84 /* Frameworks */,
				764963611D7469C7000A8F84 /* Resources */,
			);
			buildRules = (
			);
			dependencies = (
			);
			name = TheStarsInTheComments;
			productName = TheStarsInTheComments;
			productReference = 764963631D7469C7000A8F84 /* TheStarsInTheComments.app */;
			productType = "com.apple.product-type.application";
		};
/* End PBXNativeTarget section */

/* Begin PBXProject section */
		7649635B1D7469C7000A8F84 /* Project object */ = {
			isa = PBXProject;
			attributes = {
				LastUpgradeCheck = 0720;
				ORGANIZATIONNAME = "张文晏";
				TargetAttributes = {
					764963621D7469C7000A8F84 = {
						CreatedOnToolsVersion = 7.2;
						DevelopmentTeam = LD8Z42CFN2;
					};
				};
			};
			buildConfigurationList = 7649635E1D7469C7000A8F84 /* Build configuration list for PBXProject "TheStarsInTheComments" */;
			compatibilityVersion = "Xcode 3.2";
			developmentRegion = English;
			hasScannedForEncodings = 0;
			knownRegions = (
				en,
				Base,
			);
			mainGroup = 7649635A1D7469C7000A8F84;
			productRefGroup = 764963641D7469C7000A8F84 /* Products */;
			projectDirPath = "";
			projectRoot = "";
			targets = (
				764963621D7469C7000A8F84 /* TheStarsInTheComments */,
			);
		};
/* End PBXProject section */

/* Begin PBXResourcesBuildPhase section */
		764963611D7469C7000A8F84 /* Resources */ = {
			isa = PBXResourcesBuildPhase;
			buildActionMask = 2147483647;
			files = (
				7649637E1D7469E7000A8F84 /* LaunchScreen.xib in Resources */,
				764963731D7469C7000A8F84 /* Assets.xcassets in Resources */,
				764963711D7469C7000A8F84 /* Main.storyboard in Resources */,
			);
			runOnlyForDeploymentPostprocessing = 0;
		};
/* End PBXResourcesBuildPhase section */

/* Begin PBXSourcesBuildPhase section */
		7649635F1D7469C7000A8F84 /* Sources */ = {
			isa = PBXSourcesBuildPhase;
			buildActionMask = 2147483647;
			files = (
				7649636E1D7469C7000A8F84 /* ViewController.m in Sources */,
				7649636B1D7469C7000A8F84 /* AppDelegate.m in Sources */,
				764963811D746AA2000A8F84 /* MLStar.m in Sources */,
				764963681D7469C7000A8F84 /* main.m in Sources */,
			);
			runOnlyForDeploymentPostprocessing = 0;
		};
/* End PBXSourcesBuildPhase section */

/* Begin PBXVariantGroup section */
		7649636F1D7469C7000A8F84 /* Main.storyboard */ = {
			isa = PBXVariantGroup;
			children = (
				764963701D7469C7000A8F84 /* Base */,
			);
			name = Main.storyboard;
			sourceTree = "<group>";
		};
/* End PBXVariantGroup section */

/* Begin XCBuildConfiguration section */
		764963781D7469C7000A8F84 /* Debug */ = {
			isa = XCBuildConfiguration;
			buildSettings = {
				ALWAYS_SEARCH_USER_PATHS = NO;
				CLANG_CXX_LANGUAGE_STANDARD = "gnu++0x";
				CLANG_CXX_LIBRARY = "libc++";
				CLANG_ENABLE_MODULES = YES;
				CLANG_ENABLE_OBJC_ARC = YES;
				CLANG_WARN_BOOL_CONVERSION = YES;
				CLANG_WARN_CONSTANT_CONVERSION = YES;
				CLANG_WARN_DIRECT_OBJC_ISA_USAGE = YES_ERROR;
				CLANG_WARN_EMPTY_BODY = YES;
				CLANG_WARN_ENUM_CONVERSION = YES;
				CLANG_WARN_INT_CONVERSION = YES;
				CLANG_WARN_OBJC_ROOT_CLASS = YES_ERROR;
				CLANG_WARN_UNREACHABLE_CODE = YES;
				CLANG_WARN__DUPLICATE_METHOD_MATCH = YES;
				"CODE_SIGN_IDENTITY[sdk=iphoneos*]" = "iPhone Developer";
				COPY_PHASE_STRIP = NO;
				DEBUG_INFORMATION_FORMAT = dwarf;
				ENABLE_STRICT_OBJC_MSGSEND = YES;
				ENABLE_TESTABILITY = YES;
				GCC_C_LANGUAGE_STANDARD = gnu99;
				GCC_DYNAMIC_NO_PIC = NO;
				GCC_NO_COMMON_BLOCKS = YES;
				GCC_OPTIMIZATION_LEVEL = 0;
				GCC_PREPROCESSOR_DEFINITIONS = (
					"DEBUG=1",
					"$(inherited)",
				);
				GCC_WARN_64_TO_32_BIT_CONVERSION = YES;
				GCC_WARN_ABOUT_RETURN_TYPE = YES_ERROR;
				GCC_WARN_UNDECLARED_SELECTOR = YES;
				GCC_WARN_UNINITIALIZED_AUTOS = YES_AGGRESSIVE;
				GCC_WARN_UNUSED_FUNCTION = YES;
				GCC_WARN_UNUSED_VARIABLE = YES;
				IPHONEOS_DEPLOYMENT_TARGET = 9.2;
				MTL_ENABLE_DEBUG_INFO = YES;
				ONLY_ACTIVE_ARCH = YES;
				SDKROOT = iphoneos;
				TARGETED_DEVICE_FAMILY = "1,2";
			};
			name = Debug;
		};
		764963791D7469C7000A8F84 /* Release */ = {
			isa = XCBuildConfiguration;
			buildSettings = {
				ALWAYS_SEARCH_USER_PATHS = NO;
				CLANG_CXX_LANGUAGE_STANDARD = "gnu++0x";
				CLANG_CXX_LIBRARY = "libc++";
				CLANG_ENABLE_MODULES = YES;
				CLANG_ENABLE_OBJC_ARC = YES;
				CLANG_WARN_BOOL_CONVERSION = YES;
				CLANG_WARN_CONSTANT_CONVERSION = YES;
				CLANG_WARN_DIRECT_OBJC_ISA_USAGE = YES_ERROR;
				CLANG_WARN_EMPTY_BODY = YES;
				CLANG_WARN_ENUM_CONVERSION = YES;
				CLANG_WARN_INT_CONVERSION = YES;
				CLANG_WARN_OBJC_ROOT_CLASS = YES_ERROR;
				CLANG_WARN_UNREACHABLE_CODE = YES;
				CLANG_WARN__DUPLICATE_METHOD_MATCH = YES;
				"CODE_SIGN_IDENTITY[sdk=iphoneos*]" = "iPhone Developer";
				COPY_PHASE_STRIP = NO;
				DEBUG_INFORMATION_FORMAT = "dwarf-with-dsym";
				ENABLE_NS_ASSERTIONS = NO;
				ENABLE_STRICT_OBJC_MSGSEND = YES;
				GCC_C_LANGUAGE_STANDARD = gnu99;
				GCC_NO_COMMON_BLOCKS = YES;
				GCC_WARN_64_TO_32_BIT_CONVERSION = YES;
				GCC_WARN_ABOUT_RETURN_TYPE = YES_ERROR;
				GCC_WARN_UNDECLARED_SELECTOR = YES;
				GCC_WARN_UNINITIALIZED_AUTOS = YES_AGGRESSIVE;
				GCC_WARN_UNUSED_FUNCTION = YES;
				GCC_WARN_UNUSED_VARIABLE = YES;
				IPHONEOS_DEPLOYMENT_TARGET = 9.2;
				MTL_ENABLE_DEBUG_INFO = NO;
				SDKROOT = iphoneos;
				TARGETED_DEVICE_FAMILY = "1,2";
				VALIDATE_PRODUCT = YES;
			};
			name = Release;
		};
		7649637B1D7469C7000A8F84 /* Debug */ = {
			isa = XCBuildConfiguration;
			buildSettings = {
				ASSETCATALOG_COMPILER_APPICON_NAME = AppIcon;
				INFOPLIST_FILE = TheStarsInTheComments/Info.plist;
				LD_RUNPATH_SEARCH_PATHS = "$(inherited) @executable_path/Frameworks";
				PRODUCT_BUNDLE_IDENTIFIER = baybay.com.TheStarsInTheComments;
				PRODUCT_NAME = "$(TARGET_NAME)";
			};
			name = Debug;
		};
		7649637C1D7469C7000A8F84 /* Release */ = {
			isa = XCBuildConfiguration;
			buildSettings = {
				ASSETCATALOG_COMPILER_APPICON_NAME = AppIcon;
				INFOPLIST_FILE = TheStarsInTheComments/Info.plist;
				LD_RUNPATH_SEARCH_PATHS = "$(inherited) @executable_path/Frameworks";
				PRODUCT_BUNDLE_IDENTIFIER = baybay.com.TheStarsInTheComments;
				PRODUCT_NAME = "$(TARGET_NAME)";
			};
			name = Release;
		};
/* End XCBuildConfiguration section */

/* Begin XCConfigurationList section */
		7649635E1D7469C7000A8F84 /* Build configuration list for PBXProject "TheStarsInTheComments" */ = {
			isa = XCConfigurationList;
			buildConfigurations = (
				764963781D7469C7000A8F84 /* Debug */,
				764963791D7469C7000A8F84 /* Release */,
			);
			defaultConfigurationIsVisible = 0;
			defaultConfigurationName = Release;
		};
		7649637A1D7469C7000A8F84 /* Build configuration list for PBXNativeTarget "TheStarsInTheComments" */ = {
			isa = XCConfigurationList;
			buildConfigurations = (
				7649637B1D7469C7000A8F84 /* Debug */,
				7649637C1D7469C7000A8F84 /* Release */,
			);
			defaultConfigurationIsVisible = 0;
		};
/* End XCConfigurationList section */
	};
	rootObject = 7649635B1D7469C7000A8F84 /* Project object */;
}
